
Microsoft Visual Studio Solution File, Format Version 12.00
# Visual Studio Version 17
VisualStudioVersion = 17.7.34221.43
MinimumVisualStudioVersion = 10.0.40219.1
Project("{FAE04EC0-301F-11D3-BF4B-00C04F79EFBC}") = "ConsoleApp21", "ConsoleApp21.csproj", "{7A264D18-FDEB-4635-8E88-7D80903D8BE3}"
EndProject
Project("{FAE04EC0-301F-11D3-BF4B-00C04F79EFBC}") = "TestProject7", "..\TestProject7\TestProject7.csproj", "{048C977C-5A4C-40FD-9C72-37C195CCE1E1}"
EndProject
Global
	GlobalSection(SolutionConfigurationPlatforms) = preSolution
		Debug|Any CPU = Debug|Any CPU
		Release|Any CPU = Release|Any CPU
	EndGlobalSection
	GlobalSection(ProjectConfigurationPlatforms) = postSolution
		{7A264D18-FDEB-4635-8E88-7D80903D8BE3}.Debug|Any CPU.ActiveCfg = Debug|Any CPU
		{7A264D18-FDEB-4635-8E88-7D80903D8BE3}.Debug|Any CPU.Build.0 = Debug|Any CPU
		{7A264D18-FDEB-4635-8E88-7D80903D8BE3}.Release|Any CPU.ActiveCfg = Release|Any CPU
		{7A264D18-FDEB-4635-8E88-7D80903D8BE3}.Release|Any CPU.Build.0 = Release|Any CPU
		{048C977C-5A4C-40FD-9C72-37C195CCE1E1}.Debug|Any CPU.ActiveCfg = Debug|Any CPU
		{048C977C-5A4C-40FD-9C72-37C195CCE1E1}.Debug|Any CPU.Build.0 = Debug|Any CPU
		{048C977C-5A4C-40FD-9C72-37C195CCE1E1}.Release|Any CPU.ActiveCfg = Release|Any CPU
		{048C977C-5A4C-40FD-9C72-37C195CCE1E1}.Release|Any CPU.Build.0 = Release|Any CPU
	EndGlobalSection
	GlobalSection(SolutionProperties) = preSolution
		HideSolutionNode = FALSE
	EndGlobalSection
	GlobalSection(ExtensibilityGlobals) = postSolution
		SolutionGuid = {1AA75911-CB9F-41D6-98B4-B0DC80EDCFA5}
	EndGlobalSection
EndGlobal
